
Microsoft Visual Studio Solution File, Format Version 12.00
# Visual Studio 15
VisualStudioVersion = 15.0.26730.16
MinimumVisualStudioVersion = 10.0.40219.1
Project("{FAE04EC0-301F-11D3-BF4B-00C04F79EFBC}") = "IDM.Service", "IDM.Service\IDM.Service.csproj", "{B8D2478C-182E-46B9-9803-C4B79290171D}"
EndProject
Project("{FAE04EC0-301F-11D3-BF4B-00C04F79EFBC}") = "IDM.Repository", "IDM.Repository\IDM.Repository.csproj", "{D809788B-F641-44F1-B0B2-E3F1A6F944AB}"
EndProject
Project("{FAE04EC0-301F-11D3-BF4B-00C04F79EFBC}") = "IDM.DTO", "IDM.DTO\IDM.DTO.csproj", "{F23CE0C6-9EBC-46D0-990F-DADBCB96F239}"
EndProject
Project("{FAE04EC0-301F-11D3-BF4B-00C04F79EFBC}") = "IDM.Entity", "IDM.Entity\IDM.Entity.csproj", "{272E82C9-F33F-48D0-B6D0-57A47067A7DE}"
EndProject
Project("{FAE04EC0-301F-11D3-BF4B-00C04F79EFBC}") = "IDM.UI", "IDM.UI\IDM.UI.csproj", "{F6EABE96-4202-4C5A-9C9D-B9BE64831A6C}"
EndProject
Global
	GlobalSection(SolutionConfigurationPlatforms) = preSolution
		Debug|Any CPU = Debug|Any CPU
		Release|Any CPU = Release|Any CPU
	EndGlobalSection
	GlobalSection(ProjectConfigurationPlatforms) = postSolution
		{B8D2478C-182E-46B9-9803-C4B79290171D}.Debug|Any CPU.ActiveCfg = Debug|Any CPU
		{B8D2478C-182E-46B9-9803-C4B79290171D}.Debug|Any CPU.Build.0 = Debug|Any CPU
		{B8D2478C-182E-46B9-9803-C4B79290171D}.Release|Any CPU.ActiveCfg = Release|Any CPU
		{B8D2478C-182E-46B9-9803-C4B79290171D}.Release|Any CPU.Build.0 = Release|Any CPU
		{D809788B-F641-44F1-B0B2-E3F1A6F944AB}.Debug|Any CPU.ActiveCfg = Debug|Any CPU
		{D809788B-F641-44F1-B0B2-E3F1A6F944AB}.Debug|Any CPU.Build.0 = Debug|Any CPU
		{D809788B-F641-44F1-B0B2-E3F1A6F944AB}.Release|Any CPU.ActiveCfg = Release|Any CPU
		{D809788B-F641-44F1-B0B2-E3F1A6F944AB}.Release|Any CPU.Build.0 = Release|Any CPU
		{F23CE0C6-9EBC-46D0-990F-DADBCB96F239}.Debug|Any CPU.ActiveCfg = Debug|Any CPU
		{F23CE0C6-9EBC-46D0-990F-DADBCB96F239}.Debug|Any CPU.Build.0 = Debug|Any CPU
		{F23CE0C6-9EBC-46D0-990F-DADBCB96F239}.Release|Any CPU.ActiveCfg = Release|Any CPU
		{F23CE0C6-9EBC-46D0-990F-DADBCB96F239}.Release|Any CPU.Build.0 = Release|Any CPU
		{272E82C9-F33F-48D0-B6D0-57A47067A7DE}.Debug|Any CPU.ActiveCfg = Debug|Any CPU
		{272E82C9-F33F-48D0-B6D0-57A47067A7DE}.Debug|Any CPU.Build.0 = Debug|Any CPU
		{272E82C9-F33F-48D0-B6D0-57A47067A7DE}.Release|Any CPU.ActiveCfg = Release|Any CPU
		{272E82C9-F33F-48D0-B6D0-57A47067A7DE}.Release|Any CPU.Build.0 = Release|Any CPU
		{F6EABE96-4202-4C5A-9C9D-B9BE64831A6C}.Debug|Any CPU.ActiveCfg = Debug|Any CPU
		{F6EABE96-4202-4C5A-9C9D-B9BE64831A6C}.Debug|Any CPU.Build.0 = Debug|Any CPU
		{F6EABE96-4202-4C5A-9C9D-B9BE64831A6C}.Release|Any CPU.ActiveCfg = Release|Any CPU
		{F6EABE96-4202-4C5A-9C9D-B9BE64831A6C}.Release|Any CPU.Build.0 = Release|Any CPU
	EndGlobalSection
	GlobalSection(SolutionProperties) = preSolution
		HideSolutionNode = FALSE
	EndGlobalSection
	GlobalSection(ExtensibilityGlobals) = postSolution
		SolutionGuid = {02F60D66-D442-4B46-8B9D-0F124A08170B}
	EndGlobalSection
EndGlobal
